// !$*UTF8*$!
{
	archiveVersion = 1;
	classes = {
	};
	objectVersion = 46;
	objects = {

/* Begin PBXBuildFile section */
		6201E8E11DBEF4550006B173 /* AppDelegate.swift in Sources */ = {isa = PBXBuildFile; fileRef = 6201E8E01DBEF4550006B173 /* AppDelegate.swift */; };
		6201E8E31DBEF4550006B173 /* ViewController.swift in Sources */ = {isa = PBXBuildFile; fileRef = 6201E8E21DBEF4550006B173 /* ViewController.swift */; };
		6201E8E61DBEF4550006B173 /* Main.storyboard in Resources */ = {isa = PBXBuildFile; fileRef = 6201E8E41DBEF4550006B173 /* Main.storyboard */; };
		6201E8E81DBEF4550006B173 /* Assets.xcassets in Resources */ = {isa = PBXBuildFile; fileRef = 6201E8E71DBEF4550006B173 /* Assets.xcassets */; };
		6201E8EB1DBEF4550006B173 /* LaunchScreen.storyboard in Resources */ = {isa = PBXBuildFile; fileRef = 6201E8E91DBEF4550006B173 /* LaunchScreen.storyboard */; };
		623990CC1DF70E6F00ABF31E /* DoingViewController.swift in Sources */ = {isa = PBXBuildFile; fileRef = 623990CB1DF70E6F00ABF31E /* DoingViewController.swift */; };
		6250B9651DE847C70021C34C /* StartViewController.swift in Sources */ = {isa = PBXBuildFile; fileRef = 6250B9641DE847C70021C34C /* StartViewController.swift */; };
		626BCC9A1DC82C1D00FD34C5 /* SettingTableViewController.swift in Sources */ = {isa = PBXBuildFile; fileRef = 626BCC991DC82C1D00FD34C5 /* SettingTableViewController.swift */; };
		626BCC9C1DC82C9500FD34C5 /* Data.swift in Sources */ = {isa = PBXBuildFile; fileRef = 626BCC9B1DC82C9500FD34C5 /* Data.swift */; };
		629B2BE81DF652C000FF62AE /* ItemTableViewController.swift in Sources */ = {isa = PBXBuildFile; fileRef = 629B2BE71DF652C000FF62AE /* ItemTableViewController.swift */; };
		62B2C4711DE9DDA3005F7B95 /* clear_sound.mp3 in Resources */ = {isa = PBXBuildFile; fileRef = 62B2C4701DE9DDA3005F7B95 /* clear_sound.mp3 */; };
/* End PBXBuildFile section */

/* Begin PBXFileReference section */
		6201E8DD1DBEF4550006B173 /* IdleTimer.app */ = {isa = PBXFileReference; explicitFileType = wrapper.application; includeInIndex = 0; path = IdleTimer.app; sourceTree = BUILT_PRODUCTS_DIR; };
		6201E8E01DBEF4550006B173 /* AppDelegate.swift */ = {isa = PBXFileReference; lastKnownFileType = sourcecode.swift; path = AppDelegate.swift; sourceTree = "<group>"; };
		6201E8E21DBEF4550006B173 /* ViewController.swift */ = {isa = PBXFileReference; lastKnownFileType = sourcecode.swift; path = ViewController.swift; sourceTree = "<group>"; };
		6201E8E51DBEF4550006B173 /* Base */ = {isa = PBXFileReference; lastKnownFileType = file.storyboard; name = Base; path = Base.lproj/Main.storyboard; sourceTree = "<group>"; };
		6201E8E71DBEF4550006B173 /* Assets.xcassets */ = {isa = PBXFileReference; lastKnownFileType = folder.assetcatalog; path = Assets.xcassets; sourceTree = "<group>"; };
		6201E8EA1DBEF4550006B173 /* Base */ = {isa = PBXFileReference; lastKnownFileType = file.storyboard; name = Base; path = Base.lproj/LaunchScreen.storyboard; sourceTree = "<group>"; };
		6201E8EC1DBEF4550006B173 /* Info.plist */ = {isa = PBXFileReference; lastKnownFileType = text.plist.xml; path = Info.plist; sourceTree = "<group>"; };
		623990CB1DF70E6F00ABF31E /* DoingViewController.swift */ = {isa = PBXFileReference; fileEncoding = 4; lastKnownFileType = sourcecode.swift; path = DoingViewController.swift; sourceTree = "<group>"; };
		6250B9641DE847C70021C34C /* StartViewController.swift */ = {isa = PBXFileReference; fileEncoding = 4; lastKnownFileType = sourcecode.swift; path = StartViewController.swift; sourceTree = "<group>"; };
		626BCC991DC82C1D00FD34C5 /* SettingTableViewController.swift */ = {isa = PBXFileReference; fileEncoding = 4; lastKnownFileType = sourcecode.swift; path = SettingTableViewController.swift; sourceTree = "<group>"; };
		626BCC9B1DC82C9500FD34C5 /* Data.swift */ = {isa = PBXFileReference; fileEncoding = 4; lastKnownFileType = sourcecode.swift; name = Data.swift; path = ../Data.swift; sourceTree = "<group>"; };
		629B2BE71DF652C000FF62AE /* ItemTableViewController.swift */ = {isa = PBXFileReference; fileEncoding = 4; lastKnownFileType = sourcecode.swift; path = ItemTableViewController.swift; sourceTree = "<group>"; };
		62B2C4701DE9DDA3005F7B95 /* clear_sound.mp3 */ = {isa = PBXFileReference; lastKnownFileType = audio.mp3; path = clear_sound.mp3; sourceTree = "<group>"; };
/* End PBXFileReference section */

/* Begin PBXFrameworksBuildPhase section */
		6201E8DA1DBEF4530006B173 /* Frameworks */ = {
			isa = PBXFrameworksBuildPhase;
			buildActionMask = 2147483647;
			files = (
			);
			runOnlyForDeploymentPostprocessing = 0;
		};
/* End PBXFrameworksBuildPhase section */

/* Begin PBXGroup section */
		6201E8D41DBEF4530006B173 = {
			isa = PBXGroup;
			children = (
				6201E8DF1DBEF4550006B173 /* IdleTimer */,
				6201E8DE1DBEF4550006B173 /* Products */,
			);
			sourceTree = "<group>";
		};
		6201E8DE1DBEF4550006B173 /* Products */ = {
			isa = PBXGroup;
			children = (
				6201E8DD1DBEF4550006B173 /* IdleTimer.app */,
			);
			name = Products;
			sourceTree = "<group>";
		};
		6201E8DF1DBEF4550006B173 /* IdleTimer */ = {
			isa = PBXGroup;
			children = (
				626BCC9B1DC82C9500FD34C5 /* Data.swift */,
				6201E8E01DBEF4550006B173 /* AppDelegate.swift */,
				6201E8E21DBEF4550006B173 /* ViewController.swift */,
				623990CB1DF70E6F00ABF31E /* DoingViewController.swift */,
				6201E8E41DBEF4550006B173 /* Main.storyboard */,
				629B2BE71DF652C000FF62AE /* ItemTableViewController.swift */,
				6250B9641DE847C70021C34C /* StartViewController.swift */,
				626BCC991DC82C1D00FD34C5 /* SettingTableViewController.swift */,
				6201E8E71DBEF4550006B173 /* Assets.xcassets */,
				6201E8E91DBEF4550006B173 /* LaunchScreen.storyboard */,
				6201E8EC1DBEF4550006B173 /* Info.plist */,
				62B2C4701DE9DDA3005F7B95 /* clear_sound.mp3 */,
			);
			path = IdleTimer;
			sourceTree = "<group>";
		};
/* End PBXGroup section */

/* Begin PBXNativeTarget section */
		6201E8DC1DBEF4530006B173 /* IdleTimer */ = {
			isa = PBXNativeTarget;
			buildConfigurationList = 6201E8EF1DBEF4550006B173 /* Build configuration list for PBXNativeTarget "IdleTimer" */;
			buildPhases = (
				6201E8D91DBEF4530006B173 /* Sources */,
				6201E8DA1DBEF4530006B173 /* Frameworks */,
				6201E8DB1DBEF4530006B173 /* Resources */,
			);
			buildRules = (
			);
			dependencies = (
			);
			name = IdleTimer;
			productName = IdleTimer;
			productReference = 6201E8DD1DBEF4550006B173 /* IdleTimer.app */;
			productType = "com.apple.product-type.application";
		};
/* End PBXNativeTarget section */

/* Begin PBXProject section */
		6201E8D51DBEF4530006B173 /* Project object */ = {
			isa = PBXProject;
			attributes = {
				LastSwiftUpdateCheck = 0800;
				LastUpgradeCheck = 0800;
				ORGANIZATIONNAME = "Sanghoon Han";
				TargetAttributes = {
					6201E8DC1DBEF4530006B173 = {
						CreatedOnToolsVersion = 8.0;
						ProvisioningStyle = Automatic;
					};
				};
			};
			buildConfigurationList = 6201E8D81DBEF4530006B173 /* Build configuration list for PBXProject "IdleTimer" */;
			compatibilityVersion = "Xcode 3.2";
			developmentRegion = English;
			hasScannedForEncodings = 0;
			knownRegions = (
				en,
				Base,
			);
			mainGroup = 6201E8D41DBEF4530006B173;
			productRefGroup = 6201E8DE1DBEF4550006B173 /* Products */;
			projectDirPath = "";
			projectRoot = "";
			targets = (
				6201E8DC1DBEF4530006B173 /* IdleTimer */,
			);
		};
/* End PBXProject section */

/* Begin PBXResourcesBuildPhase section */
		6201E8DB1DBEF4530006B173 /* Resources */ = {
			isa = PBXResourcesBuildPhase;
			buildActionMask = 2147483647;
			files = (
				62B2C4711DE9DDA3005F7B95 /* clear_sound.mp3 in Resources */,
				6201E8EB1DBEF4550006B173 /* LaunchScreen.storyboard in Resources */,
				6201E8E81DBEF4550006B173 /* Assets.xcassets in Resources */,
				6201E8E61DBEF4550006B173 /* Main.storyboard in Resources */,
			);
			runOnlyForDeploymentPostprocessing = 0;
		};
/* End PBXResourcesBuildPhase section */

/* Begin PBXSourcesBuildPhase section */
		6201E8D91DBEF4530006B173 /* Sources */ = {
			isa = PBXSourcesBuildPhase;
			buildActionMask = 2147483647;
			files = (
				626BCC9A1DC82C1D00FD34C5 /* SettingTableViewController.swift in Sources */,
				623990CC1DF70E6F00ABF31E /* DoingViewController.swift in Sources */,
				6201E8E31DBEF4550006B173 /* ViewController.swift in Sources */,
				6201E8E11DBEF4550006B173 /* AppDelegate.swift in Sources */,
				626BCC9C1DC82C9500FD34C5 /* Data.swift in Sources */,
				629B2BE81DF652C000FF62AE /* ItemTableViewController.swift in Sources */,
				6250B9651DE847C70021C34C /* StartViewController.swift in Sources */,
			);
			runOnlyForDeploymentPostprocessing = 0;
		};
/* End PBXSourcesBuildPhase section */

/* Begin PBXVariantGroup section */
		6201E8E41DBEF4550006B173 /* Main.storyboard */ = {
			isa = PBXVariantGroup;
			children = (
				6201E8E51DBEF4550006B173 /* Base */,
			);
			name = Main.storyboard;
			sourceTree = "<group>";
		};
		6201E8E91DBEF4550006B173 /* LaunchScreen.storyboard */ = {
			isa = PBXVariantGroup;
			children = (
				6201E8EA1DBEF4550006B173 /* Base */,
			);
			name = LaunchScreen.storyboard;
			sourceTree = "<group>";
		};
/* End PBXVariantGroup section */

/* Begin XCBuildConfiguration section */
		6201E8ED1DBEF4550006B173 /* Debug */ = {
			isa = XCBuildConfiguration;
			buildSettings = {
				ALWAYS_SEARCH_USER_PATHS = NO;
				CLANG_ANALYZER_NONNULL = YES;
				CLANG_CXX_LANGUAGE_STANDARD = "gnu++0x";
				CLANG_CXX_LIBRARY = "libc++";
				CLANG_ENABLE_MODULES = YES;
				CLANG_ENABLE_OBJC_ARC = YES;
				CLANG_WARN_BOOL_CONVERSION = YES;
				CLANG_WARN_CONSTANT_CONVERSION = YES;
				CLANG_WARN_DIRECT_OBJC_ISA_USAGE = YES_ERROR;
				CLANG_WARN_DOCUMENTATION_COMMENTS = YES;
				CLANG_WARN_EMPTY_BODY = YES;
				CLANG_WARN_ENUM_CONVERSION = YES;
				CLANG_WARN_INFINITE_RECURSION = YES;
				CLANG_WARN_INT_CONVERSION = YES;
				CLANG_WARN_OBJC_ROOT_CLASS = YES_ERROR;
				CLANG_WARN_SUSPICIOUS_MOVES = YES;
				CLANG_WARN_UNREACHABLE_CODE = YES;
				CLANG_WARN__DUPLICATE_METHOD_MATCH = YES;
				"CODE_SIGN_IDENTITY[sdk=iphoneos*]" = "iPhone Developer";
				COPY_PHASE_STRIP = NO;
				DEBUG_INFORMATION_FORMAT = dwarf;
				ENABLE_STRICT_OBJC_MSGSEND = YES;
				ENABLE_TESTABILITY = YES;
				GCC_C_LANGUAGE_STANDARD = gnu99;
				GCC_DYNAMIC_NO_PIC = NO;
				GCC_NO_COMMON_BLOCKS = YES;
				GCC_OPTIMIZATION_LEVEL = 0;
				GCC_PREPROCESSOR_DEFINITIONS = (
					"DEBUG=1",
					"$(inherited)",
				);
				GCC_WARN_64_TO_32_BIT_CONVERSION = YES;
				GCC_WARN_ABOUT_RETURN_TYPE = YES_ERROR;
				GCC_WARN_UNDECLARED_SELECTOR = YES;
				GCC_WARN_UNINITIALIZED_AUTOS = YES_AGGRESSIVE;
				GCC_WARN_UNUSED_FUNCTION = YES;
				GCC_WARN_UNUSED_VARIABLE = YES;
				IPHONEOS_DEPLOYMENT_TARGET = 10.0;
				MTL_ENABLE_DEBUG_INFO = YES;
				ONLY_ACTIVE_ARCH = YES;
				SDKROOT = iphoneos;
				SWIFT_ACTIVE_COMPILATION_CONDITIONS = DEBUG;
				SWIFT_OPTIMIZATION_LEVEL = "-Onone";
				TARGETED_DEVICE_FAMILY = "1,2";
			};
			name = Debug;
		};
		6201E8EE1DBEF4550006B173 /* Release */ = {
			isa = XCBuildConfiguration;
			buildSettings = {
				ALWAYS_SEARCH_USER_PATHS = NO;
				CLANG_ANALYZER_NONNULL = YES;
				CLANG_CXX_LANGUAGE_STANDARD = "gnu++0x";
				CLANG_CXX_LIBRARY = "libc++";
				CLANG_ENABLE_MODULES = YES;
				CLANG_ENABLE_OBJC_ARC = YES;
				CLANG_WARN_BOOL_CONVERSION = YES;
				CLANG_WARN_CONSTANT_CONVERSION = YES;
				CLANG_WARN_DIRECT_OBJC_ISA_USAGE = YES_ERROR;
				CLANG_WARN_DOCUMENTATION_COMMENTS = YES;
				CLANG_WARN_EMPTY_BODY = YES;
				CLANG_WARN_ENUM_CONVERSION = YES;
				CLANG_WARN_INFINITE_RECURSION = YES;
				CLANG_WARN_INT_CONVERSION = YES;
				CLANG_WARN_OBJC_ROOT_CLASS = YES_ERROR;
				CLANG_WARN_SUSPICIOUS_MOVES = YES;
				CLANG_WARN_UNREACHABLE_CODE = YES;
				CLANG_WARN__DUPLICATE_METHOD_MATCH = YES;
				"CODE_SIGN_IDENTITY[sdk=iphoneos*]" = "iPhone Developer";
				COPY_PHASE_STRIP = NO;
				DEBUG_INFORMATION_FORMAT = "dwarf-with-dsym";
				ENABLE_NS_ASSERTIONS = NO;
				ENABLE_STRICT_OBJC_MSGSEND = YES;
				GCC_C_LANGUAGE_STANDARD = gnu99;
				GCC_NO_COMMON_BLOCKS = YES;
				GCC_WARN_64_TO_32_BIT_CONVERSION = YES;
				GCC_WARN_ABOUT_RETURN_TYPE = YES_ERROR;
				GCC_WARN_UNDECLARED_SELECTOR = YES;
				GCC_WARN_UNINITIALIZED_AUTOS = YES_AGGRESSIVE;
				GCC_WARN_UNUSED_FUNCTION = YES;
				GCC_WARN_UNUSED_VARIABLE = YES;
				IPHONEOS_DEPLOYMENT_TARGET = 10.0;
				MTL_ENABLE_DEBUG_INFO = NO;
				SDKROOT = iphoneos;
				SWIFT_OPTIMIZATION_LEVEL = "-Owholemodule";
				TARGETED_DEVICE_FAMILY = "1,2";
				VALIDATE_PRODUCT = YES;
			};
			name = Release;
		};
		6201E8F01DBEF4550006B173 /* Debug */ = {
			isa = XCBuildConfiguration;
			buildSettings = {
				ASSETCATALOG_COMPILER_APPICON_NAME = AppIcon;
				INFOPLIST_FILE = IdleTimer/Info.plist;
				LD_RUNPATH_SEARCH_PATHS = "$(inherited) @executable_path/Frameworks";
				PRODUCT_BUNDLE_IDENTIFIER = Han.IdleTimer;
				PRODUCT_NAME = "$(TARGET_NAME)";
				SWIFT_VERSION = 3.0;
			};
			name = Debug;
		};
		6201E8F11DBEF4550006B173 /* Release */ = {
			isa = XCBuildConfiguration;
			buildSettings = {
				ASSETCATALOG_COMPILER_APPICON_NAME = AppIcon;
				INFOPLIST_FILE = IdleTimer/Info.plist;
				LD_RUNPATH_SEARCH_PATHS = "$(inherited) @executable_path/Frameworks";
				PRODUCT_BUNDLE_IDENTIFIER = Han.IdleTimer;
				PRODUCT_NAME = "$(TARGET_NAME)";
				SWIFT_VERSION = 3.0;
			};
			name = Release;
		};
/* End XCBuildConfiguration section */

/* Begin XCConfigurationList section */
		6201E8D81DBEF4530006B173 /* Build configuration list for PBXProject "IdleTimer" */ = {
			isa = XCConfigurationList;
			buildConfigurations = (
				6201E8ED1DBEF4550006B173 /* Debug */,
				6201E8EE1DBEF4550006B173 /* Release */,
			);
			defaultConfigurationIsVisible = 0;
			defaultConfigurationName = Release;
		};
		6201E8EF1DBEF4550006B173 /* Build configuration list for PBXNativeTarget "IdleTimer" */ = {
			isa = XCConfigurationList;
			buildConfigurations = (
				6201E8F01DBEF4550006B173 /* Debug */,
				6201E8F11DBEF4550006B173 /* Release */,
			);
			defaultConfigurationIsVisible = 0;
			defaultConfigurationName = Release;
		};
/* End XCConfigurationList section */
	};
	rootObject = 6201E8D51DBEF4530006B173 /* Project object */;
}
